PODS:
  - Flutter (1.0.0)
  - qr_mobile_vision (0.0.1):
    - Flutter

DEPENDENCIES:
  - Flutter (from `/Users/morgan/flutter/bin/cache/artifacts/engine/ios`)
  - qr_mobile_vision (from `/Users/morgan/Programming/flutter/flutter_qr_mobile_vision/ios`)

EXTERNAL SOURCES:
  Flutter:
    :path: /Users/morgan/flutter/bin/cache/artifacts/engine/ios
  qr_mobile_vision:
    :path: /Users/morgan/Programming/flutter/flutter_qr_mobile_vision/ios

SPEC CHECKSUMS:
  Flutter: 7eb41cd1fd524b90d7f22bceb20da2c39338b089
  qr_mobile_vision: 7375da30d49ff5196ff4ab30ebb2b6d6fa60c50b

PODFILE CHECKSUM: cc70c01bca487bebd110b87397f017f3b76a89f1

COCOAPODS: 1.4.0
